
Microsoft Visual Studio Solution File, Format Version 12.00
# Visual Studio 2012
Project("{FAE04EC0-301F-11D3-BF4B-00C04F79EFBC}") = "CouthIntegration", "CouthIntegration.csproj", "{1662ED72-A280-438B-A826-34F19DEE02B2}"
EndProject
Project("{FAE04EC0-301F-11D3-BF4B-00C04F79EFBC}") = "TransferDatas", "..\TransferDatas\TransferDatas.csproj", "{BC88A4B5-4373-4413-A05D-30041C97D295}"
EndProject
Global
	GlobalSection(SolutionConfigurationPlatforms) = preSolution
		Debug|Any CPU = Debug|Any CPU
		Release|Any CPU = Release|Any CPU
	EndGlobalSection
	GlobalSection(ProjectConfigurationPlatforms) = postSolution
		{1662ED72-A280-438B-A826-34F19DEE02B2}.Debug|Any CPU.ActiveCfg = Debug|Any CPU
		{1662ED72-A280-438B-A826-34F19DEE02B2}.Debug|Any CPU.Build.0 = Debug|Any CPU
		{1662ED72-A280-438B-A826-34F19DEE02B2}.Release|Any CPU.ActiveCfg = Release|Any CPU
		{1662ED72-A280-438B-A826-34F19DEE02B2}.Release|Any CPU.Build.0 = Release|Any CPU
		{BC88A4B5-4373-4413-A05D-30041C97D295}.Debug|Any CPU.ActiveCfg = Debug|Any CPU
		{BC88A4B5-4373-4413-A05D-30041C97D295}.Debug|Any CPU.Build.0 = Debug|Any CPU
		{BC88A4B5-4373-4413-A05D-30041C97D295}.Release|Any CPU.ActiveCfg = Release|Any CPU
		{BC88A4B5-4373-4413-A05D-30041C97D295}.Release|Any CPU.Build.0 = Release|Any CPU
	EndGlobalSection
	GlobalSection(SolutionProperties) = preSolution
		HideSolutionNode = FALSE
	EndGlobalSection
EndGlobal
